
Microsoft Visual Studio Solution File, Format Version 12.00
# Visual Studio Version 17
VisualStudioVersion = 17.4.33213.308
MinimumVisualStudioVersion = 10.0.40219.1
Project("{9A19103F-16F7-4668-BE54-9A1E7A4F7556}") = "codium", "codium\codium.csproj", "{ACC89C0B-C9DF-4F8E-8750-D4614DFAAE6E}"
EndProject
Project("{9A19103F-16F7-4668-BE54-9A1E7A4F7556}") = "cdm", "cdm\cdm.csproj", "{FEACEE41-FD97-41AA-A95F-4E92A6F2CD92}"
EndProject
Project("{9A19103F-16F7-4668-BE54-9A1E7A4F7556}") = "codium.libs", "codium.libs\codium.libs.csproj", "{FBCEAE58-7981-4E8E-A179-761EFA9DAC46}"
EndProject
Global
	GlobalSection(SolutionConfigurationPlatforms) = preSolution
		Debug|Any CPU = Debug|Any CPU
		Release|Any CPU = Release|Any CPU
	EndGlobalSection
	GlobalSection(ProjectConfigurationPlatforms) = postSolution
		{ACC89C0B-C9DF-4F8E-8750-D4614DFAAE6E}.Debug|Any CPU.ActiveCfg = Debug|Any CPU
		{ACC89C0B-C9DF-4F8E-8750-D4614DFAAE6E}.Debug|Any CPU.Build.0 = Debug|Any CPU
		{ACC89C0B-C9DF-4F8E-8750-D4614DFAAE6E}.Release|Any CPU.ActiveCfg = Release|Any CPU
		{ACC89C0B-C9DF-4F8E-8750-D4614DFAAE6E}.Release|Any CPU.Build.0 = Release|Any CPU
		{FEACEE41-FD97-41AA-A95F-4E92A6F2CD92}.Debug|Any CPU.ActiveCfg = Debug|Any CPU
		{FEACEE41-FD97-41AA-A95F-4E92A6F2CD92}.Debug|Any CPU.Build.0 = Debug|Any CPU
		{FEACEE41-FD97-41AA-A95F-4E92A6F2CD92}.Release|Any CPU.ActiveCfg = Release|Any CPU
		{FEACEE41-FD97-41AA-A95F-4E92A6F2CD92}.Release|Any CPU.Build.0 = Release|Any CPU
		{FBCEAE58-7981-4E8E-A179-761EFA9DAC46}.Debug|Any CPU.ActiveCfg = Debug|Any CPU
		{FBCEAE58-7981-4E8E-A179-761EFA9DAC46}.Debug|Any CPU.Build.0 = Debug|Any CPU
		{FBCEAE58-7981-4E8E-A179-761EFA9DAC46}.Release|Any CPU.ActiveCfg = Release|Any CPU
		{FBCEAE58-7981-4E8E-A179-761EFA9DAC46}.Release|Any CPU.Build.0 = Release|Any CPU
	EndGlobalSection
	GlobalSection(SolutionProperties) = preSolution
		HideSolutionNode = FALSE
	EndGlobalSection
	GlobalSection(ExtensibilityGlobals) = postSolution
		SolutionGuid = {B3D5FE95-89F1-480D-942C-C4E7ACEF7B26}
	EndGlobalSection
EndGlobal
